{
  "name": "tyt",
  "version": "1.0.0",
  "lockfileVersion": 1,
  "requires": true,
  "dependencies": {
    "@vant/area-data": {
      "version": "1.1.1",
      "resolved": "https://registry.nlark.com/@vant/area-data/download/@vant/area-data-1.1.1.tgz?cache=0&sync_timestamp=1618900868936&other_urls=https%3A%2F%2Fregistry.nlark.com%2F%40vant%2Farea-data%2Fdownload%2F%40vant%2Farea-data-1.1.1.tgz",
      "integrity": "sha1-uaz4qATA1g9yG2kAaAKZQisAaxo="
    },
    "@vant/weapp": {
      "version": "1.6.8",
      "resolved": "https://registry.nlark.com/@vant/weapp/download/@vant/weapp-1.6.8.tgz",
      "integrity": "sha1-lIrhb7oHxaIFTFJ4PyKq9qBEU+E="
    },
    "ansi-styles": {
      "version": "4.3.0",
      "resolved": "https://registry.nlark.com/ansi-styles/download/ansi-styles-4.3.0.tgz",
      "integrity": "sha1-7dgDYornHATIWuegkG7a00tkiTc=",
      "requires": {
        "color-convert": "^2.0.1"
      }
    },
    "chalk": {
      "version": "4.1.1",
      "resolved": "https://registry.nlark.com/chalk/download/chalk-4.1.1.tgz?cache=0&sync_timestamp=1618995384030&other_urls=https%3A%2F%2Fregistry.nlark.com%2Fchalk%2Fdownload%2Fchalk-4.1.1.tgz",
      "integrity": "sha1-yAs/qyi/Y3HmhjMl7uZ+YYt35q0=",
      "requires": {
        "ansi-styles": "^4.1.0",
        "supports-color": "^7.1.0"
      }
    },
    "color-convert": {
      "version": "2.0.1",
      "resolved": "https://registry.npm.taobao.org/color-convert/download/color-convert-2.0.1.tgz",
      "integrity": "sha1-ctOmjVmMm9s68q0ehPIdiWq9TeM=",
      "requires": {
        "color-name": "~1.1.4"
      }
    },
    "color-name": {
      "version": "1.1.4",
      "resolved": "https://registry.npm.taobao.org/color-name/download/color-name-1.1.4.tgz",
      "integrity": "sha1-wqCah6y95pVD3m9j+jmVyCbFNqI="
    },
    "has-flag": {
      "version": "4.0.0",
      "resolved": "https://registry.npm.taobao.org/has-flag/download/has-flag-4.0.0.tgz",
      "integrity": "sha1-lEdx/ZyByBJlxNaUGGDaBrtZR5s="
    },
    "is-unicode-supported": {
      "version": "1.0.0",
      "resolved": "https://registry.npm.taobao.org/is-unicode-supported/download/is-unicode-supported-1.0.0.tgz",
      "integrity": "sha1-VyhOE+f1yu/HpFFoKFIn5cR9ZBM="
    },
    "js-base64": {
      "version": "3.6.1",
      "resolved": "https://registry.nlark.com/js-base64/download/js-base64-3.6.1.tgz?cache=0&sync_timestamp=1621703430022&other_urls=https%3A%2F%2Fregistry.nlark.com%2Fjs-base64%2Fdownload%2Fjs-base64-3.6.1.tgz",
      "integrity": "sha1-VVquOYt0aUtAN68filpiCdFw774="
    },
    "js-md5": {
      "version": "0.7.3",
      "resolved": "https://registry.npm.taobao.org/js-md5/download/js-md5-0.7.3.tgz",
      "integrity": "sha1-tPL7sLMnRV9ZjWcn447Ccs0Jw/I="
    },
    "log-symbols": {
      "version": "5.0.0",
      "resolved": "https://registry.npm.taobao.org/log-symbols/download/log-symbols-5.0.0.tgz?cache=0&sync_timestamp=1618723146520&other_urls=https%3A%2F%2Fregistry.npm.taobao.org%2Flog-symbols%2Fdownload%2Flog-symbols-5.0.0.tgz",
      "integrity": "sha1-dyDTxqVsNl4fZYkWBpuhjZQQkso=",
      "requires": {
        "chalk": "^4.1.0",
        "is-unicode-supported": "^1.0.0"
      }
    },
    "supports-color": {
      "version": "7.2.0",
      "resolved": "https://registry.npm.taobao.org/supports-color/download/supports-color-7.2.0.tgz?cache=0&sync_timestamp=1618561008172&other_urls=https%3A%2F%2Fregistry.npm.taobao.org%2Fsupports-color%2Fdownload%2Fsupports-color-7.2.0.tgz",
      "integrity": "sha1-G33NyzK4E4gBs+R4umpRyqiWSNo=",
      "requires": {
        "has-flag": "^4.0.0"
      }
    }
  }
}
